
Microsoft Visual Studio Solution File, Format Version 12.00
# Visual Studio Version 17
VisualStudioVersion = 17.0.31717.71
MinimumVisualStudioVersion = 10.0.40219.1
Project("{9A19103F-16F7-4668-BE54-9A1E7A4F7556}") = "fdrcontest1", "fdrcontest1.csproj", "{CD139814-6693-4D2C-A8D2-BFA8C2AE3661}"
EndProject
Global
	GlobalSection(SolutionConfigurationPlatforms) = preSolution
		Debug|Any CPU = Debug|Any CPU
		Release|Any CPU = Release|Any CPU
	EndGlobalSection
	GlobalSection(ProjectConfigurationPlatforms) = postSolution
		{CD139814-6693-4D2C-A8D2-BFA8C2AE3661}.Debug|Any CPU.ActiveCfg = Debug|Any CPU
		{CD139814-6693-4D2C-A8D2-BFA8C2AE3661}.Debug|Any CPU.Build.0 = Debug|Any CPU
		{CD139814-6693-4D2C-A8D2-BFA8C2AE3661}.Release|Any CPU.ActiveCfg = Release|Any CPU
		{CD139814-6693-4D2C-A8D2-BFA8C2AE3661}.Release|Any CPU.Build.0 = Release|Any CPU
	EndGlobalSection
	GlobalSection(SolutionProperties) = preSolution
		HideSolutionNode = FALSE
	EndGlobalSection
	GlobalSection(ExtensibilityGlobals) = postSolution
		SolutionGuid = {9984F287-9D69-48BA-96AB-2F620EC01C53}
	EndGlobalSection
EndGlobal